// !$*UTF8*$!
{
	archiveVersion = 1;
	classes = {
	};
	objectVersion = 48;
	objects = {

/* Begin PBXBuildFile section */
		09BA7DD4123C9DEB5E65E75F /* Pods_Dalagram.framework in Frameworks */ = {isa = PBXBuildFile; fileRef = E96545F8CFE5C3D83EE550A0 /* Pods_Dalagram.framework */; };
		2B0589BF20AEE33900B57ACF /* Auth.storyboard in Resources */ = {isa = PBXBuildFile; fileRef = 2B0589BE20AEE33900B57ACF /* Auth.storyboard */; };
		2B0589C120AEE4B100B57ACF /* SingInController.swift in Sources */ = {isa = PBXBuildFile; fileRef = 2B0589C020AEE4B100B57ACF /* SingInController.swift */; };
		2B0589C320AEEBF800B57ACF /* ConfirmController.swift in Sources */ = {isa = PBXBuildFile; fileRef = 2B0589C220AEEBF800B57ACF /* ConfirmController.swift */; };
		2B0589C520AEEC5D00B57ACF /* Template.swift in Sources */ = {isa = PBXBuildFile; fileRef = 2B0589C420AEEC5D00B57ACF /* Template.swift */; };
		2B0F122720B030A700F5EF7F /* TabBarController.swift in Sources */ = {isa = PBXBuildFile; fileRef = 2B0F122620B030A700F5EF7F /* TabBarController.swift */; };
		2B0F122920B033D200F5EF7F /* ContactsController.swift in Sources */ = {isa = PBXBuildFile; fileRef = 2B0F122820B033D200F5EF7F /* ContactsController.swift */; };
		2B0F122B20B0443600F5EF7F /* DialogsController.swift in Sources */ = {isa = PBXBuildFile; fileRef = 2B0F122A20B0443600F5EF7F /* DialogsController.swift */; };
		2B1BA5BF20C8F676009FC7E3 /* APITarget.swift in Sources */ = {isa = PBXBuildFile; fileRef = 2B1BA5BE20C8F676009FC7E3 /* APITarget.swift */; };
		2B1BA5C120C8FB60009FC7E3 /* APIProvider.swift in Sources */ = {isa = PBXBuildFile; fileRef = 2B1BA5C020C8FB60009FC7E3 /* APIProvider.swift */; };
		2B1BA5C720C907CB009FC7E3 /* WhisperHelper.swift in Sources */ = {isa = PBXBuildFile; fileRef = 2B1BA5C620C907CB009FC7E3 /* WhisperHelper.swift */; };
		2B1D083620CAC31100B41AED /* Contact.swift in Sources */ = {isa = PBXBuildFile; fileRef = 2B1D083520CAC31100B41AED /* Contact.swift */; };
		2B1D083820CBB09100B41AED /* InviteController.swift in Sources */ = {isa = PBXBuildFile; fileRef = 2B1D083720CBB09000B41AED /* InviteController.swift */; };
		2B1D083A20CD053500B41AED /* SocketManager.swift in Sources */ = {isa = PBXBuildFile; fileRef = 2B1D083920CD053500B41AED /* SocketManager.swift */; };
		2B1D083C20CD357100B41AED /* UserProfileController.swift in Sources */ = {isa = PBXBuildFile; fileRef = 2B1D083B20CD357100B41AED /* UserProfileController.swift */; };
		2B1D084020CE7ED200B41AED /* NewsController.swift in Sources */ = {isa = PBXBuildFile; fileRef = 2B1D083F20CE7ED200B41AED /* NewsController.swift */; };
		2B1D084220CEE72B00B41AED /* AppManager.swift in Sources */ = {isa = PBXBuildFile; fileRef = 2B1D084120CEE72B00B41AED /* AppManager.swift */; };
		2B1D084420D14D7800B41AED /* PhoneContact.swift in Sources */ = {isa = PBXBuildFile; fileRef = 2B1D084320D14D7800B41AED /* PhoneContact.swift */; };
		2B1EEE4420B15B3C00CDE800 /* InviteFriendsView.swift in Sources */ = {isa = PBXBuildFile; fileRef = 2B1EEE4320B15B3C00CDE800 /* InviteFriendsView.swift */; };
		2B20878920D3C7CD00EE4599 /* DialogsViewModel.swift in Sources */ = {isa = PBXBuildFile; fileRef = 2B20878820D3C7CD00EE4599 /* DialogsViewModel.swift */; };
		2B20878B20D3C88400EE4599 /* Dialog.swift in Sources */ = {isa = PBXBuildFile; fileRef = 2B20878A20D3C88400EE4599 /* Dialog.swift */; };
		2B20878F20D3DC1C00EE4599 /* UIView+Extension.swift in Sources */ = {isa = PBXBuildFile; fileRef = 2B20878E20D3DC1C00EE4599 /* UIView+Extension.swift */; };
		2B2F967A20B04665003DE273 /* UIColor+Extention.swift in Sources */ = {isa = PBXBuildFile; fileRef = 2B2F967920B04665003DE273 /* UIColor+Extention.swift */; };
		2B2F967F20B0500E003DE273 /* ContactCell.swift in Sources */ = {isa = PBXBuildFile; fileRef = 2B2F967D20B0500E003DE273 /* ContactCell.swift */; };
		2B2F968020B0500E003DE273 /* ContactCell.xib in Resources */ = {isa = PBXBuildFile; fileRef = 2B2F967E20B0500E003DE273 /* ContactCell.xib */; };
		2B4574F820ECBA73008391B3 /* MediaColletionController.swift in Sources */ = {isa = PBXBuildFile; fileRef = 2B4574F720ECBA73008391B3 /* MediaColletionController.swift */; };
		2B4574FA20ECBEF9008391B3 /* ChatContactsController.swift in Sources */ = {isa = PBXBuildFile; fileRef = 2B4574F920ECBEF9008391B3 /* ChatContactsController.swift */; };
		2B4574FC20ECDF46008391B3 /* DialogDetail.swift in Sources */ = {isa = PBXBuildFile; fileRef = 2B4574FB20ECDF46008391B3 /* DialogDetail.swift */; };
		2B676F2520C7147900A168DE /* AuthViewModel.swift in Sources */ = {isa = PBXBuildFile; fileRef = 2B676F2420C7147900A168DE /* AuthViewModel.swift */; };
		2B73B7FC20AEBA42009D51F8 /* AppDelegate.swift in Sources */ = {isa = PBXBuildFile; fileRef = 2B73B7FB20AEBA42009D51F8 /* AppDelegate.swift */; };
		2B73B80120AEBA42009D51F8 /* Main.storyboard in Resources */ = {isa = PBXBuildFile; fileRef = 2B73B7FF20AEBA42009D51F8 /* Main.storyboard */; };
		2B73B80320AEBA42009D51F8 /* Assets.xcassets in Resources */ = {isa = PBXBuildFile; fileRef = 2B73B80220AEBA42009D51F8 /* Assets.xcassets */; };
		2B73B80620AEBA42009D51F8 /* LaunchScreen.storyboard in Resources */ = {isa = PBXBuildFile; fileRef = 2B73B80420AEBA42009D51F8 /* LaunchScreen.storyboard */; };
		2B73B81120AEBA43009D51F8 /* DalagramTests.swift in Sources */ = {isa = PBXBuildFile; fileRef = 2B73B81020AEBA43009D51F8 /* DalagramTests.swift */; };
		2B73B81C20AEBA43009D51F8 /* DalagramUITests.swift in Sources */ = {isa = PBXBuildFile; fileRef = 2B73B81B20AEBA43009D51F8 /* DalagramUITests.swift */; };
		2B78218820E0E25000F89214 /* DIN Alternate Bold.otf in Resources */ = {isa = PBXBuildFile; fileRef = 2B78218720E0E25000F89214 /* DIN Alternate Bold.otf */; };
		2B78218A20E0E25900F89214 /* DIN Alternate Regular.otf in Resources */ = {isa = PBXBuildFile; fileRef = 2B78218920E0E25900F89214 /* DIN Alternate Regular.otf */; };
		2B7BFFAA20B7336600FA7507 /* UserNavigationTitleView.swift in Sources */ = {isa = PBXBuildFile; fileRef = 2B7BFFA920B7336600FA7507 /* UserNavigationTitleView.swift */; };
		2B7BFFAC20B7477700FA7507 /* MessageInputBarView.swift in Sources */ = {isa = PBXBuildFile; fileRef = 2B7BFFAB20B7477700FA7507 /* MessageInputBarView.swift */; };
		2B7FF06020C0527000013D48 /* BubbleImageCell.swift in Sources */ = {isa = PBXBuildFile; fileRef = 2B7FF05F20C0527000013D48 /* BubbleImageCell.swift */; };
		2B7FF06220C097D200013D48 /* ChatViewModel.swift in Sources */ = {isa = PBXBuildFile; fileRef = 2B7FF06120C097D200013D48 /* ChatViewModel.swift */; };
		2B7FF06620C14EB000013D48 /* NewGroupController.swift in Sources */ = {isa = PBXBuildFile; fileRef = 2B7FF06520C14EB000013D48 /* NewGroupController.swift */; };
		2B7FF06820C1629300013D48 /* ContactsViewModel.swift in Sources */ = {isa = PBXBuildFile; fileRef = 2B7FF06720C1629300013D48 /* ContactsViewModel.swift */; };
		2B7FF06B20C276FF00013D48 /* UsersCollectionView.swift in Sources */ = {isa = PBXBuildFile; fileRef = 2B7FF06A20C276FF00013D48 /* UsersCollectionView.swift */; };
		2B7FF06E20C40BD500013D48 /* GroupContactCell.swift in Sources */ = {isa = PBXBuildFile; fileRef = 2B7FF06D20C40BD500013D48 /* GroupContactCell.swift */; };
		2B983C4420EB9E7A00116C45 /* ChatCollectioViewLayout.swift in Sources */ = {isa = PBXBuildFile; fileRef = 2B983C4320EB9E7A00116C45 /* ChatCollectioViewLayout.swift */; };
		2B9AB1F020B019C4004CB2A7 /* ViewController+Extension.swift in Sources */ = {isa = PBXBuildFile; fileRef = 2B9AB1EF20B019C4004CB2A7 /* ViewController+Extension.swift */; };
		2BA9CFFB20C94F0000C99FB1 /* ProfileViewModel.swift in Sources */ = {isa = PBXBuildFile; fileRef = 2BA9CFFA20C94F0000C99FB1 /* ProfileViewModel.swift */; };
		2BA9CFFD20C9679900C99FB1 /* EditProfileController.swift in Sources */ = {isa = PBXBuildFile; fileRef = 2BA9CFFC20C9679900C99FB1 /* EditProfileController.swift */; };
		2BB8388E20E676A300AD9B06 /* CreateGroupController.swift in Sources */ = {isa = PBXBuildFile; fileRef = 2BB8388D20E676A300AD9B06 /* CreateGroupController.swift */; };
		2BB8389020E679BC00AD9B06 /* CreateChannelController.swift in Sources */ = {isa = PBXBuildFile; fileRef = 2BB8388F20E679BC00AD9B06 /* CreateChannelController.swift */; };
		2BB8389220E679D000AD9B06 /* EditGroupController.swift in Sources */ = {isa = PBXBuildFile; fileRef = 2BB8389120E679D000AD9B06 /* EditGroupController.swift */; };
		2BC1593A20B2BB3E00514397 /* ChatCell.swift in Sources */ = {isa = PBXBuildFile; fileRef = 2BC1593820B2BB3E00514397 /* ChatCell.swift */; };
		2BC1593B20B2BB3E00514397 /* ChatCell.xib in Resources */ = {isa = PBXBuildFile; fileRef = 2BC1593920B2BB3E00514397 /* ChatCell.xib */; };
		2BC1593D20B2CA0000514397 /* SettingsController.swift in Sources */ = {isa = PBXBuildFile; fileRef = 2BC1593C20B2CA0000514397 /* SettingsController.swift */; };
		2BC1594220B2D13E00514397 /* UiStoryboardProtocol.swift in Sources */ = {isa = PBXBuildFile; fileRef = 2BC1594120B2D13E00514397 /* UiStoryboardProtocol.swift */; };
		2BC3F02920C930EF0057FFB3 /* RealmManager.swift in Sources */ = {isa = PBXBuildFile; fileRef = 2BC3F02820C930EF0057FFB3 /* RealmManager.swift */; };
		2BC3F02C20C93ECD0057FFB3 /* CredentialsController.swift in Sources */ = {isa = PBXBuildFile; fileRef = 2BC3F02B20C93ECD0057FFB3 /* CredentialsController.swift */; };
		2BD252E120D8608500B5690E /* DialogItem.swift in Sources */ = {isa = PBXBuildFile; fileRef = 2BD252E020D8608500B5690E /* DialogItem.swift */; };
		2BD252E320D8609500B5690E /* DialogHistory.swift in Sources */ = {isa = PBXBuildFile; fileRef = 2BD252E220D8609500B5690E /* DialogHistory.swift */; };
		2BDD4C0620E8F22B00505940 /* BubleActionCell.swift in Sources */ = {isa = PBXBuildFile; fileRef = 2BDD4C0520E8F22B00505940 /* BubleActionCell.swift */; };
		2BDE4F7520D40ABF0063D9B6 /* DialogInfo.swift in Sources */ = {isa = PBXBuildFile; fileRef = 2BDE4F7420D40ABF0063D9B6 /* DialogInfo.swift */; };
		2BDE4F7720D42C3A0063D9B6 /* MediaCell.swift in Sources */ = {isa = PBXBuildFile; fileRef = 2BDE4F7620D42C3A0063D9B6 /* MediaCell.swift */; };
		2BE6B86420B2AB4D00E45260 /* ReusableCellProtocol.swift in Sources */ = {isa = PBXBuildFile; fileRef = 2BE6B86320B2AB4D00E45260 /* ReusableCellProtocol.swift */; };
		2BE85F0E20B433E0000FF3BE /* ChatController.swift in Sources */ = {isa = PBXBuildFile; fileRef = 2BE85F0D20B433E0000FF3BE /* ChatController.swift */; };
		2BE85F1020B43594000FF3BE /* BubbleTextCell.swift in Sources */ = {isa = PBXBuildFile; fileRef = 2BE85F0F20B43594000FF3BE /* BubbleTextCell.swift */; };
		2BE85F1220B43683000FF3BE /* BaseCollectionCell.swift in Sources */ = {isa = PBXBuildFile; fileRef = 2BE85F1120B43683000FF3BE /* BaseCollectionCell.swift */; };
		2BF4C1BC20C92B7100085FE5 /* User.swift in Sources */ = {isa = PBXBuildFile; fileRef = 2BF4C1BB20C92B7100085FE5 /* User.swift */; };
		2BF7D89B20D240F6009E3314 /* NotificationsController.swift in Sources */ = {isa = PBXBuildFile; fileRef = 2BF7D89A20D240F6009E3314 /* NotificationsController.swift */; };
		2BF7D89D20D24333009E3314 /* NotificationSoundsController.swift in Sources */ = {isa = PBXBuildFile; fileRef = 2BF7D89C20D24333009E3314 /* NotificationSoundsController.swift */; };
		497B01042330843B6AFA3CAE /* Pods_DalagramTests.framework in Frameworks */ = {isa = PBXBuildFile; fileRef = A05F11C66272DFBEF26F73EF /* Pods_DalagramTests.framework */; };
		AD67A8385C29C33386340651 /* Pods_DalagramUITests.framework in Frameworks */ = {isa = PBXBuildFile; fileRef = BEFA6663B80A56F0186D62EA /* Pods_DalagramUITests.framework */; };
/* End PBXBuildFile section */

/* Begin PBXContainerItemProxy section */
		2B73B80D20AEBA43009D51F8 /* PBXContainerItemProxy */ = {
			isa = PBXContainerItemProxy;
			containerPortal = 2B73B7F020AEBA42009D51F8 /* Project object */;
			proxyType = 1;
			remoteGlobalIDString = 2B73B7F720AEBA42009D51F8;
			remoteInfo = Dalagram;
		};
		2B73B81820AEBA43009D51F8 /* PBXContainerItemProxy */ = {
			isa = PBXContainerItemProxy;
			containerPortal = 2B73B7F020AEBA42009D51F8 /* Project object */;
			proxyType = 1;
			remoteGlobalIDString = 2B73B7F720AEBA42009D51F8;
			remoteInfo = Dalagram;
		};
/* End PBXContainerItemProxy section */

/* Begin PBXFileReference section */
		231E1016462EA81B0F7EF758 /* Pods-Dalagram.release.xcconfig */ = {isa = PBXFileReference; includeInIndex = 1; lastKnownFileType = text.xcconfig; name = "Pods-Dalagram.release.xcconfig"; path = "Pods/Target Support Files/Pods-Dalagram/Pods-Dalagram.release.xcconfig"; sourceTree = "<group>"; };
		2B0589BE20AEE33900B57ACF /* Auth.storyboard */ = {isa = PBXFileReference; lastKnownFileType = file.storyboard; path = Auth.storyboard; sourceTree = "<group>"; };
		2B0589C020AEE4B100B57ACF /* SingInController.swift */ = {isa = PBXFileReference; lastKnownFileType = sourcecode.swift; path = SingInController.swift; sourceTree = "<group>"; };
		2B0589C220AEEBF800B57ACF /* ConfirmController.swift */ = {isa = PBXFileReference; lastKnownFileType = sourcecode.swift; path = ConfirmController.swift; sourceTree = "<group>"; };
		2B0589C420AEEC5D00B57ACF /* Template.swift */ = {isa = PBXFileReference; lastKnownFileType = sourcecode.swift; path = Template.swift; sourceTree = "<group>"; };
		2B0F122620B030A700F5EF7F /* TabBarController.swift */ = {isa = PBXFileReference; lastKnownFileType = sourcecode.swift; path = TabBarController.swift; sourceTree = "<group>"; };
		2B0F122820B033D200F5EF7F /* ContactsController.swift */ = {isa = PBXFileReference; lastKnownFileType = sourcecode.swift; path = ContactsController.swift; sourceTree = "<group>"; };
		2B0F122A20B0443600F5EF7F /* DialogsController.swift */ = {isa = PBXFileReference; lastKnownFileType = sourcecode.swift; path = DialogsController.swift; sourceTree = "<group>"; };
		2B1BA5BE20C8F676009FC7E3 /* APITarget.swift */ = {isa = PBXFileReference; lastKnownFileType = sourcecode.swift; path = APITarget.swift; sourceTree = "<group>"; };
		2B1BA5C020C8FB60009FC7E3 /* APIProvider.swift */ = {isa = PBXFileReference; lastKnownFileType = sourcecode.swift; path = APIProvider.swift; sourceTree = "<group>"; };
		2B1BA5C620C907CB009FC7E3 /* WhisperHelper.swift */ = {isa = PBXFileReference; lastKnownFileType = sourcecode.swift; path = WhisperHelper.swift; sourceTree = "<group>"; };
		2B1D083520CAC31100B41AED /* Contact.swift */ = {isa = PBXFileReference; lastKnownFileType = sourcecode.swift; path = Contact.swift; sourceTree = "<group>"; };
		2B1D083720CBB09000B41AED /* InviteController.swift */ = {isa = PBXFileReference; lastKnownFileType = sourcecode.swift; path = InviteController.swift; sourceTree = "<group>"; };
		2B1D083920CD053500B41AED /* SocketManager.swift */ = {isa = PBXFileReference; lastKnownFileType = sourcecode.swift; path = SocketManager.swift; sourceTree = "<group>"; };
		2B1D083B20CD357100B41AED /* UserProfileController.swift */ = {isa = PBXFileReference; lastKnownFileType = sourcecode.swift; path = UserProfileController.swift; sourceTree = "<group>"; };
		2B1D083F20CE7ED200B41AED /* NewsController.swift */ = {isa = PBXFileReference; lastKnownFileType = sourcecode.swift; path = NewsController.swift; sourceTree = "<group>"; };
		2B1D084120CEE72B00B41AED /* AppManager.swift */ = {isa = PBXFileReference; lastKnownFileType = sourcecode.swift; path = AppManager.swift; sourceTree = "<group>"; };
		2B1D084320D14D7800B41AED /* PhoneContact.swift */ = {isa = PBXFileReference; lastKnownFileType = sourcecode.swift; path = PhoneContact.swift; sourceTree = "<group>"; };
		2B1EEE4320B15B3C00CDE800 /* InviteFriendsView.swift */ = {isa = PBXFileReference; lastKnownFileType = sourcecode.swift; path = InviteFriendsView.swift; sourceTree = "<group>"; };
		2B20878820D3C7CD00EE4599 /* DialogsViewModel.swift */ = {isa = PBXFileReference; lastKnownFileType = sourcecode.swift; path = DialogsViewModel.swift; sourceTree = "<group>"; };
		2B20878A20D3C88400EE4599 /* Dialog.swift */ = {isa = PBXFileReference; lastKnownFileType = sourcecode.swift; path = Dialog.swift; sourceTree = "<group>"; };
		2B20878E20D3DC1C00EE4599 /* UIView+Extension.swift */ = {isa = PBXFileReference; lastKnownFileType = sourcecode.swift; path = "UIView+Extension.swift"; sourceTree = "<group>"; };
		2B2F967920B04665003DE273 /* UIColor+Extention.swift */ = {isa = PBXFileReference; lastKnownFileType = sourcecode.swift; path = "UIColor+Extention.swift"; sourceTree = "<group>"; };
		2B2F967D20B0500E003DE273 /* ContactCell.swift */ = {isa = PBXFileReference; lastKnownFileType = sourcecode.swift; path = ContactCell.swift; sourceTree = "<group>"; };
		2B2F967E20B0500E003DE273 /* ContactCell.xib */ = {isa = PBXFileReference; lastKnownFileType = file.xib; path = ContactCell.xib; sourceTree = "<group>"; };
		2B4574F720ECBA73008391B3 /* MediaColletionController.swift */ = {isa = PBXFileReference; lastKnownFileType = sourcecode.swift; path = MediaColletionController.swift; sourceTree = "<group>"; };
		2B4574F920ECBEF9008391B3 /* ChatContactsController.swift */ = {isa = PBXFileReference; lastKnownFileType = sourcecode.swift; path = ChatContactsController.swift; sourceTree = "<group>"; };
		2B4574FB20ECDF46008391B3 /* DialogDetail.swift */ = {isa = PBXFileReference; lastKnownFileType = sourcecode.swift; path = DialogDetail.swift; sourceTree = "<group>"; };
		2B676F2420C7147900A168DE /* AuthViewModel.swift */ = {isa = PBXFileReference; lastKnownFileType = sourcecode.swift; path = AuthViewModel.swift; sourceTree = "<group>"; };
		2B73B7F820AEBA42009D51F8 /* Dalagram.app */ = {isa = PBXFileReference; explicitFileType = wrapper.application; includeInIndex = 0; path = Dalagram.app; sourceTree = BUILT_PRODUCTS_DIR; };
		2B73B7FB20AEBA42009D51F8 /* AppDelegate.swift */ = {isa = PBXFileReference; lastKnownFileType = sourcecode.swift; path = AppDelegate.swift; sourceTree = "<group>"; };
		2B73B80020AEBA42009D51F8 /* Base */ = {isa = PBXFileReference; lastKnownFileType = file.storyboard; name = Base; path = Base.lproj/Main.storyboard; sourceTree = "<group>"; };
		2B73B80220AEBA42009D51F8 /* Assets.xcassets */ = {isa = PBXFileReference; lastKnownFileType = folder.assetcatalog; path = Assets.xcassets; sourceTree = "<group>"; };
		2B73B80520AEBA42009D51F8 /* Base */ = {isa = PBXFileReference; lastKnownFileType = file.storyboard; name = Base; path = Base.lproj/LaunchScreen.storyboard; sourceTree = "<group>"; };
		2B73B80720AEBA42009D51F8 /* Info.plist */ = {isa = PBXFileReference; lastKnownFileType = text.plist.xml; path = Info.plist; sourceTree = "<group>"; };
		2B73B80C20AEBA43009D51F8 /* DalagramTests.xctest */ = {isa = PBXFileReference; explicitFileType = wrapper.cfbundle; includeInIndex = 0; path = DalagramTests.xctest; sourceTree = BUILT_PRODUCTS_DIR; };
		2B73B81020AEBA43009D51F8 /* DalagramTests.swift */ = {isa = PBXFileReference; lastKnownFileType = sourcecode.swift; path = DalagramTests.swift; sourceTree = "<group>"; };
		2B73B81220AEBA43009D51F8 /* Info.plist */ = {isa = PBXFileReference; lastKnownFileType = text.plist.xml; path = Info.plist; sourceTree = "<group>"; };
		2B73B81720AEBA43009D51F8 /* DalagramUITests.xctest */ = {isa = PBXFileReference; explicitFileType = wrapper.cfbundle; includeInIndex = 0; path = DalagramUITests.xctest; sourceTree = BUILT_PRODUCTS_DIR; };
		2B73B81B20AEBA43009D51F8 /* DalagramUITests.swift */ = {isa = PBXFileReference; lastKnownFileType = sourcecode.swift; path = DalagramUITests.swift; sourceTree = "<group>"; };
		2B73B81D20AEBA43009D51F8 /* Info.plist */ = {isa = PBXFileReference; lastKnownFileType = text.plist.xml; path = Info.plist; sourceTree = "<group>"; };
		2B78218720E0E25000F89214 /* DIN Alternate Bold.otf */ = {isa = PBXFileReference; lastKnownFileType = file; path = "DIN Alternate Bold.otf"; sourceTree = "<group>"; };
		2B78218920E0E25900F89214 /* DIN Alternate Regular.otf */ = {isa = PBXFileReference; lastKnownFileType = file; path = "DIN Alternate Regular.otf"; sourceTree = "<group>"; };
		2B7BFFA920B7336600FA7507 /* UserNavigationTitleView.swift */ = {isa = PBXFileReference; lastKnownFileType = sourcecode.swift; path = UserNavigationTitleView.swift; sourceTree = "<group>"; };
		2B7BFFAB20B7477700FA7507 /* MessageInputBarView.swift */ = {isa = PBXFileReference; lastKnownFileType = sourcecode.swift; path = MessageInputBarView.swift; sourceTree = "<group>"; };
		2B7FF05F20C0527000013D48 /* BubbleImageCell.swift */ = {isa = PBXFileReference; lastKnownFileType = sourcecode.swift; path = BubbleImageCell.swift; sourceTree = "<group>"; };
		2B7FF06120C097D200013D48 /* ChatViewModel.swift */ = {isa = PBXFileReference; lastKnownFileType = sourcecode.swift; path = ChatViewModel.swift; sourceTree = "<group>"; };
		2B7FF06520C14EB000013D48 /* NewGroupController.swift */ = {isa = PBXFileReference; lastKnownFileType = sourcecode.swift; path = NewGroupController.swift; sourceTree = "<group>"; };
		2B7FF06720C1629300013D48 /* ContactsViewModel.swift */ = {isa = PBXFileReference; lastKnownFileType = sourcecode.swift; path = ContactsViewModel.swift; sourceTree = "<group>"; };
		2B7FF06A20C276FF00013D48 /* UsersCollectionView.swift */ = {isa = PBXFileReference; lastKnownFileType = sourcecode.swift; path = UsersCollectionView.swift; sourceTree = "<group>"; };
		2B7FF06D20C40BD500013D48 /* GroupContactCell.swift */ = {isa = PBXFileReference; lastKnownFileType = sourcecode.swift; path = GroupContactCell.swift; sourceTree = "<group>"; };
		2B983C4320EB9E7A00116C45 /* ChatCollectioViewLayout.swift */ = {isa = PBXFileReference; lastKnownFileType = sourcecode.swift; path = ChatCollectioViewLayout.swift; sourceTree = "<group>"; };
		2B9AB1EF20B019C4004CB2A7 /* ViewController+Extension.swift */ = {isa = PBXFileReference; lastKnownFileType = sourcecode.swift; path = "ViewController+Extension.swift"; sourceTree = "<group>"; };
		2BA9CFFA20C94F0000C99FB1 /* ProfileViewModel.swift */ = {isa = PBXFileReference; lastKnownFileType = sourcecode.swift; path = ProfileViewModel.swift; sourceTree = "<group>"; };
		2BA9CFFC20C9679900C99FB1 /* EditProfileController.swift */ = {isa = PBXFileReference; lastKnownFileType = sourcecode.swift; path = EditProfileController.swift; sourceTree = "<group>"; };
		2BB8388D20E676A300AD9B06 /* CreateGroupController.swift */ = {isa = PBXFileReference; lastKnownFileType = sourcecode.swift; path = CreateGroupController.swift; sourceTree = "<group>"; };
		2BB8388F20E679BC00AD9B06 /* CreateChannelController.swift */ = {isa = PBXFileReference; lastKnownFileType = sourcecode.swift; path = CreateChannelController.swift; sourceTree = "<group>"; };
		2BB8389120E679D000AD9B06 /* EditGroupController.swift */ = {isa = PBXFileReference; lastKnownFileType = sourcecode.swift; path = EditGroupController.swift; sourceTree = "<group>"; };
		2BC1593820B2BB3E00514397 /* ChatCell.swift */ = {isa = PBXFileReference; lastKnownFileType = sourcecode.swift; path = ChatCell.swift; sourceTree = "<group>"; };
		2BC1593920B2BB3E00514397 /* ChatCell.xib */ = {isa = PBXFileReference; lastKnownFileType = file.xib; path = ChatCell.xib; sourceTree = "<group>"; };
		2BC1593C20B2CA0000514397 /* SettingsController.swift */ = {isa = PBXFileReference; lastKnownFileType = sourcecode.swift; path = SettingsController.swift; sourceTree = "<group>"; };
		2BC1594120B2D13E00514397 /* UiStoryboardProtocol.swift */ = {isa = PBXFileReference; lastKnownFileType = sourcecode.swift; path = UiStoryboardProtocol.swift; sourceTree = "<group>"; };
		2BC3F02820C930EF0057FFB3 /* RealmManager.swift */ = {isa = PBXFileReference; lastKnownFileType = sourcecode.swift; path = RealmManager.swift; sourceTree = "<group>"; };
		2BC3F02B20C93ECD0057FFB3 /* CredentialsController.swift */ = {isa = PBXFileReference; lastKnownFileType = sourcecode.swift; path = CredentialsController.swift; sourceTree = "<group>"; };
		2BD252E020D8608500B5690E /* DialogItem.swift */ = {isa = PBXFileReference; lastKnownFileType = sourcecode.swift; path = DialogItem.swift; sourceTree = "<group>"; };
		2BD252E220D8609500B5690E /* DialogHistory.swift */ = {isa = PBXFileReference; lastKnownFileType = sourcecode.swift; path = DialogHistory.swift; sourceTree = "<group>"; };
		2BDD4C0520E8F22B00505940 /* BubleActionCell.swift */ = {isa = PBXFileReference; lastKnownFileType = sourcecode.swift; path = BubleActionCell.swift; sourceTree = "<group>"; };
		2BDE4F7420D40ABF0063D9B6 /* DialogInfo.swift */ = {isa = PBXFileReference; lastKnownFileType = sourcecode.swift; path = DialogInfo.swift; sourceTree = "<group>"; };
		2BDE4F7620D42C3A0063D9B6 /* MediaCell.swift */ = {isa = PBXFileReference; lastKnownFileType = sourcecode.swift; path = MediaCell.swift; sourceTree = "<group>"; };
		2BE6B86320B2AB4D00E45260 /* ReusableCellProtocol.swift */ = {isa = PBXFileReference; lastKnownFileType = sourcecode.swift; path = ReusableCellProtocol.swift; sourceTree = "<group>"; };
		2BE85F0D20B433E0000FF3BE /* ChatController.swift */ = {isa = PBXFileReference; lastKnownFileType = sourcecode.swift; path = ChatController.swift; sourceTree = "<group>"; };
		2BE85F0F20B43594000FF3BE /* BubbleTextCell.swift */ = {isa = PBXFileReference; lastKnownFileType = sourcecode.swift; path = BubbleTextCell.swift; sourceTree = "<group>"; };
		2BE85F1120B43683000FF3BE /* BaseCollectionCell.swift */ = {isa = PBXFileReference; lastKnownFileType = sourcecode.swift; path = BaseCollectionCell.swift; sourceTree = "<group>"; };
		2BF4C1BB20C92B7100085FE5 /* User.swift */ = {isa = PBXFileReference; lastKnownFileType = sourcecode.swift; path = User.swift; sourceTree = "<group>"; };
		2BF7D89A20D240F6009E3314 /* NotificationsController.swift */ = {isa = PBXFileReference; lastKnownFileType = sourcecode.swift; path = NotificationsController.swift; sourceTree = "<group>"; };
		2BF7D89C20D24333009E3314 /* NotificationSoundsController.swift */ = {isa = PBXFileReference; lastKnownFileType = sourcecode.swift; path = NotificationSoundsController.swift; sourceTree = "<group>"; };
		4A8CD69A4A1D204C2FEF5B66 /* Pods-DalagramTests.release.xcconfig */ = {isa = PBXFileReference; includeInIndex = 1; lastKnownFileType = text.xcconfig; name = "Pods-DalagramTests.release.xcconfig"; path = "Pods/Target Support Files/Pods-DalagramTests/Pods-DalagramTests.release.xcconfig"; sourceTree = "<group>"; };
		8EFA16CD04120900729091FF /* Pods-DalagramTests.debug.xcconfig */ = {isa = PBXFileReference; includeInIndex = 1; lastKnownFileType = text.xcconfig; name = "Pods-DalagramTests.debug.xcconfig"; path = "Pods/Target Support Files/Pods-DalagramTests/Pods-DalagramTests.debug.xcconfig"; sourceTree = "<group>"; };
		959EF5792CBBAE40F6683BEA /* Pods-Dalagram.debug.xcconfig */ = {isa = PBXFileReference; includeInIndex = 1; lastKnownFileType = text.xcconfig; name = "Pods-Dalagram.debug.xcconfig"; path = "Pods/Target Support Files/Pods-Dalagram/Pods-Dalagram.debug.xcconfig"; sourceTree = "<group>"; };
		A05F11C66272DFBEF26F73EF /* Pods_DalagramTests.framework */ = {isa = PBXFileReference; explicitFileType = wrapper.framework; includeInIndex = 0; path = Pods_DalagramTests.framework; sourceTree = BUILT_PRODUCTS_DIR; };
		A33131E8BD52ED87361C5C30 /* Pods-DalagramUITests.release.xcconfig */ = {isa = PBXFileReference; includeInIndex = 1; lastKnownFileType = text.xcconfig; name = "Pods-DalagramUITests.release.xcconfig"; path = "Pods/Target Support Files/Pods-DalagramUITests/Pods-DalagramUITests.release.xcconfig"; sourceTree = "<group>"; };
		B7D1F695C7DC0B0EE6B6727D /* Pods-DalagramUITests.debug.xcconfig */ = {isa = PBXFileReference; includeInIndex = 1; lastKnownFileType = text.xcconfig; name = "Pods-DalagramUITests.debug.xcconfig"; path = "Pods/Target Support Files/Pods-DalagramUITests/Pods-DalagramUITests.debug.xcconfig"; sourceTree = "<group>"; };
		BEFA6663B80A56F0186D62EA /* Pods_DalagramUITests.framework */ = {isa = PBXFileReference; explicitFileType = wrapper.framework; includeInIndex = 0; path = Pods_DalagramUITests.framework; sourceTree = BUILT_PRODUCTS_DIR; };
		E96545F8CFE5C3D83EE550A0 /* Pods_Dalagram.framework */ = {isa = PBXFileReference; explicitFileType = wrapper.framework; includeInIndex = 0; path = Pods_Dalagram.framework; sourceTree = BUILT_PRODUCTS_DIR; };
/* End PBXFileReference section */

/* Begin PBXFrameworksBuildPhase section */
		2B73B7F520AEBA42009D51F8 /* Frameworks */ = {
			isa = PBXFrameworksBuildPhase;
			buildActionMask = 2147483647;
			files = (
				09BA7DD4123C9DEB5E65E75F /* Pods_Dalagram.framework in Frameworks */,
			);
			runOnlyForDeploymentPostprocessing = 0;
		};
		2B73B80920AEBA43009D51F8 /* Frameworks */ = {
			isa = PBXFrameworksBuildPhase;
			buildActionMask = 2147483647;
			files = (
				497B01042330843B6AFA3CAE /* Pods_DalagramTests.framework in Frameworks */,
			);
			runOnlyForDeploymentPostprocessing = 0;
		};
		2B73B81420AEBA43009D51F8 /* Frameworks */ = {
			isa = PBXFrameworksBuildPhase;
			buildActionMask = 2147483647;
			files = (
				AD67A8385C29C33386340651 /* Pods_DalagramUITests.framework in Frameworks */,
			);
			runOnlyForDeploymentPostprocessing = 0;
		};
/* End PBXFrameworksBuildPhase section */

/* Begin PBXGroup section */
		2B0F122520B0307500F5EF7F /* Auth */ = {
			isa = PBXGroup;
			children = (
				2B0589C020AEE4B100B57ACF /* SingInController.swift */,
				2B0589C220AEEBF800B57ACF /* ConfirmController.swift */,
				2BC3F02B20C93ECD0057FFB3 /* CredentialsController.swift */,
			);
			path = Auth;
			sourceTree = "<group>";
		};
		2B20878C20D3C88D00EE4599 /* Contacts */ = {
			isa = PBXGroup;
			children = (
				2B1D083520CAC31100B41AED /* Contact.swift */,
				2B1D084320D14D7800B41AED /* PhoneContact.swift */,
			);
			path = Contacts;
			sourceTree = "<group>";
		};
		2B20878D20D3C89A00EE4599 /* Chat */ = {
			isa = PBXGroup;
			children = (
				2B20878A20D3C88400EE4599 /* Dialog.swift */,
				2BD252E020D8608500B5690E /* DialogItem.swift */,
				2BD252E220D8609500B5690E /* DialogHistory.swift */,
				2B4574FB20ECDF46008391B3 /* DialogDetail.swift */,
				2BDE4F7420D40ABF0063D9B6 /* DialogInfo.swift */,
			);
			path = Chat;
			sourceTree = "<group>";
		};
		2B2F968120B05412003DE273 /* Xib */ = {
			isa = PBXGroup;
			children = (
				2B2F967D20B0500E003DE273 /* ContactCell.swift */,
				2B2F967E20B0500E003DE273 /* ContactCell.xib */,
				2BC1593820B2BB3E00514397 /* ChatCell.swift */,
				2BC1593920B2BB3E00514397 /* ChatCell.xib */,
			);
			path = Xib;
			sourceTree = "<group>";
		};
		2B73B7EF20AEBA42009D51F8 = {
			isa = PBXGroup;
			children = (
				2B0589C420AEEC5D00B57ACF /* Template.swift */,
				2B73B7FA20AEBA42009D51F8 /* Dalagram */,
				2B73B80F20AEBA43009D51F8 /* DalagramTests */,
				2B73B81A20AEBA43009D51F8 /* DalagramUITests */,
				2B73B7F920AEBA42009D51F8 /* Products */,
				3F9CB6CAB8148E69047EC5F0 /* Pods */,
				36607E897CA1A05752F7168F /* Frameworks */,
			);
			sourceTree = "<group>";
		};
		2B73B7F920AEBA42009D51F8 /* Products */ = {
			isa = PBXGroup;
			children = (
				2B73B7F820AEBA42009D51F8 /* Dalagram.app */,
				2B73B80C20AEBA43009D51F8 /* DalagramTests.xctest */,
				2B73B81720AEBA43009D51F8 /* DalagramUITests.xctest */,
			);
			name = Products;
			sourceTree = "<group>";
		};
		2B73B7FA20AEBA42009D51F8 /* Dalagram */ = {
			isa = PBXGroup;
			children = (
				2BC3F02720C930DC0057FFB3 /* Helpers */,
				2B73B83020AEBAAF009D51F8 /* Network */,
				2B73B82C20AEBA78009D51F8 /* Extensions */,
				2B73B82B20AEBA74009D51F8 /* Model */,
				2B73B82A20AEBA6F009D51F8 /* View */,
				2B73B82D20AEBA7D009D51F8 /* ViewModel */,
				2B73B82E20AEBA83009D51F8 /* Controller */,
				2B73B82F20AEBA96009D51F8 /* Storyboards */,
				2B73B82920AEBA5B009D51F8 /* Supporting */,
				2B73B80720AEBA42009D51F8 /* Info.plist */,
			);
			path = Dalagram;
			sourceTree = "<group>";
		};
		2B73B80F20AEBA43009D51F8 /* DalagramTests */ = {
			isa = PBXGroup;
			children = (
				2B73B81020AEBA43009D51F8 /* DalagramTests.swift */,
				2B73B81220AEBA43009D51F8 /* Info.plist */,
			);
			path = DalagramTests;
			sourceTree = "<group>";
		};
		2B73B81A20AEBA43009D51F8 /* DalagramUITests */ = {
			isa = PBXGroup;
			children = (
				2B73B81B20AEBA43009D51F8 /* DalagramUITests.swift */,
				2B73B81D20AEBA43009D51F8 /* Info.plist */,
			);
			path = DalagramUITests;
			sourceTree = "<group>";
		};
		2B73B82920AEBA5B009D51F8 /* Supporting */ = {
			isa = PBXGroup;
			children = (
				2B78218620E0E24000F89214 /* Fonts */,
				2B73B80420AEBA42009D51F8 /* LaunchScreen.storyboard */,
				2B73B7FB20AEBA42009D51F8 /* AppDelegate.swift */,
				2B73B80220AEBA42009D51F8 /* Assets.xcassets */,
			);
			path = Supporting;
			sourceTree = "<group>";
		};
		2B73B82A20AEBA6F009D51F8 /* View */ = {
			isa = PBXGroup;
			children = (
				2B7BFFA820B7335A00FA7507 /* UIKit */,
				2B2F968120B05412003DE273 /* Xib */,
				2BC1593720B2BA5400514397 /* Cell */,
			);
			path = View;
			sourceTree = "<group>";
		};
		2B73B82B20AEBA74009D51F8 /* Model */ = {
			isa = PBXGroup;
			children = (
				2BF4C1BB20C92B7100085FE5 /* User.swift */,
				2B20878D20D3C89A00EE4599 /* Chat */,
				2B20878C20D3C88D00EE4599 /* Contacts */,
			);
			path = Model;
			sourceTree = "<group>";
		};
		2B73B82C20AEBA78009D51F8 /* Extensions */ = {
			isa = PBXGroup;
			children = (
				2B9AB1EF20B019C4004CB2A7 /* ViewController+Extension.swift */,
				2B2F967920B04665003DE273 /* UIColor+Extention.swift */,
				2B20878E20D3DC1C00EE4599 /* UIView+Extension.swift */,
				2BE6B86320B2AB4D00E45260 /* ReusableCellProtocol.swift */,
				2BC1594120B2D13E00514397 /* UiStoryboardProtocol.swift */,
			);
			path = Extensions;
			sourceTree = "<group>";
		};
		2B73B82D20AEBA7D009D51F8 /* ViewModel */ = {
			isa = PBXGroup;
			children = (
				2B676F2420C7147900A168DE /* AuthViewModel.swift */,
				2BA9CFFA20C94F0000C99FB1 /* ProfileViewModel.swift */,
				2B7FF06720C1629300013D48 /* ContactsViewModel.swift */,
				2B20878820D3C7CD00EE4599 /* DialogsViewModel.swift */,
				2B7FF06120C097D200013D48 /* ChatViewModel.swift */,
			);
			path = ViewModel;
			sourceTree = "<group>";
		};
		2B73B82E20AEBA83009D51F8 /* Controller */ = {
			isa = PBXGroup;
			children = (
				2B0F122620B030A700F5EF7F /* TabBarController.swift */,
				2B0F122520B0307500F5EF7F /* Auth */,
				2BC1593E20B2CA1000514397 /* Contacts */,
				2BC1593F20B2CA1600514397 /* Chat */,
				2BC1594020B2CA1B00514397 /* Settings */,
				2B1D083F20CE7ED200B41AED /* NewsController.swift */,
			);
			path = Controller;
			sourceTree = "<group>";
		};
		2B73B82F20AEBA96009D51F8 /* Storyboards */ = {
			isa = PBXGroup;
			children = (
				2B73B7FF20AEBA42009D51F8 /* Main.storyboard */,
				2B0589BE20AEE33900B57ACF /* Auth.storyboard */,
			);
			path = Storyboards;
			sourceTree = "<group>";
		};
		2B73B83020AEBAAF009D51F8 /* Network */ = {
			isa = PBXGroup;
			children = (
				2B1BA5BE20C8F676009FC7E3 /* APITarget.swift */,
				2B1BA5C020C8FB60009FC7E3 /* APIProvider.swift */,
			);
			path = Network;
			sourceTree = "<group>";
		};
		2B78218620E0E24000F89214 /* Fonts */ = {
			isa = PBXGroup;
			children = (
				2B78218920E0E25900F89214 /* DIN Alternate Regular.otf */,
				2B78218720E0E25000F89214 /* DIN Alternate Bold.otf */,
			);
			path = Fonts;
			sourceTree = "<group>";
		};
		2B7BFFA820B7335A00FA7507 /* UIKit */ = {
			isa = PBXGroup;
			children = (
				2BE85F1120B43683000FF3BE /* BaseCollectionCell.swift */,
				2B1EEE4320B15B3C00CDE800 /* InviteFriendsView.swift */,
				2B7BFFA920B7336600FA7507 /* UserNavigationTitleView.swift */,
				2B7BFFAB20B7477700FA7507 /* MessageInputBarView.swift */,
				2B7FF06A20C276FF00013D48 /* UsersCollectionView.swift */,
			);
			path = UIKit;
			sourceTree = "<group>";
		};
		2BA3ACCC20EA309400B92D13 /* Group */ = {
			isa = PBXGroup;
			children = (
				2B7FF06520C14EB000013D48 /* NewGroupController.swift */,
				2BB8388D20E676A300AD9B06 /* CreateGroupController.swift */,
				2BB8389120E679D000AD9B06 /* EditGroupController.swift */,
				2B4574F720ECBA73008391B3 /* MediaColletionController.swift */,
			);
			path = Group;
			sourceTree = "<group>";
		};
		2BA3ACCD20EA309D00B92D13 /* Channel */ = {
			isa = PBXGroup;
			children = (
				2BB8388F20E679BC00AD9B06 /* CreateChannelController.swift */,
			);
			path = Channel;
			sourceTree = "<group>";
		};
		2BA3ACD020EA30CF00B92D13 /* Single */ = {
			isa = PBXGroup;
			children = (
				2B4574F920ECBEF9008391B3 /* ChatContactsController.swift */,
				2B1D083B20CD357100B41AED /* UserProfileController.swift */,
			);
			path = Single;
			sourceTree = "<group>";
		};
		2BC1593720B2BA5400514397 /* Cell */ = {
			isa = PBXGroup;
			children = (
				2BE85F0F20B43594000FF3BE /* BubbleTextCell.swift */,
				2B7FF05F20C0527000013D48 /* BubbleImageCell.swift */,
				2BDD4C0520E8F22B00505940 /* BubleActionCell.swift */,
				2B7FF06D20C40BD500013D48 /* GroupContactCell.swift */,
				2BDE4F7620D42C3A0063D9B6 /* MediaCell.swift */,
			);
			path = Cell;
			sourceTree = "<group>";
		};
		2BC1593E20B2CA1000514397 /* Contacts */ = {
			isa = PBXGroup;
			children = (
				2B0F122820B033D200F5EF7F /* ContactsController.swift */,
				2B1D083720CBB09000B41AED /* InviteController.swift */,
			);
			path = Contacts;
			sourceTree = "<group>";
		};
		2BC1593F20B2CA1600514397 /* Chat */ = {
			isa = PBXGroup;
			children = (
				2B0F122A20B0443600F5EF7F /* DialogsController.swift */,
				2BE85F0D20B433E0000FF3BE /* ChatController.swift */,
				2B983C4320EB9E7A00116C45 /* ChatCollectioViewLayout.swift */,
				2BA3ACD020EA30CF00B92D13 /* Single */,
				2BA3ACCC20EA309400B92D13 /* Group */,
				2BA3ACCD20EA309D00B92D13 /* Channel */,
			);
			path = Chat;
			sourceTree = "<group>";
		};
		2BC1594020B2CA1B00514397 /* Settings */ = {
			isa = PBXGroup;
			children = (
				2BC1593C20B2CA0000514397 /* SettingsController.swift */,
				2BA9CFFC20C9679900C99FB1 /* EditProfileController.swift */,
				2BF7D89A20D240F6009E3314 /* NotificationsController.swift */,
				2BF7D89C20D24333009E3314 /* NotificationSoundsController.swift */,
			);
			path = Settings;
			sourceTree = "<group>";
		};
		2BC3F02720C930DC0057FFB3 /* Helpers */ = {
			isa = PBXGroup;
			children = (
				2B1BA5C620C907CB009FC7E3 /* WhisperHelper.swift */,
				2BC3F02820C930EF0057FFB3 /* RealmManager.swift */,
				2B1D083920CD053500B41AED /* SocketManager.swift */,
				2B1D084120CEE72B00B41AED /* AppManager.swift */,
			);
			path = Helpers;
			sourceTree = "<group>";
		};
		36607E897CA1A05752F7168F /* Frameworks */ = {
			isa = PBXGroup;
			children = (
				E96545F8CFE5C3D83EE550A0 /* Pods_Dalagram.framework */,
				A05F11C66272DFBEF26F73EF /* Pods_DalagramTests.framework */,
				BEFA6663B80A56F0186D62EA /* Pods_DalagramUITests.framework */,
			);
			name = Frameworks;
			sourceTree = "<group>";
		};
		3F9CB6CAB8148E69047EC5F0 /* Pods */ = {
			isa = PBXGroup;
			children = (
				959EF5792CBBAE40F6683BEA /* Pods-Dalagram.debug.xcconfig */,
				231E1016462EA81B0F7EF758 /* Pods-Dalagram.release.xcconfig */,
				8EFA16CD04120900729091FF /* Pods-DalagramTests.debug.xcconfig */,
				4A8CD69A4A1D204C2FEF5B66 /* Pods-DalagramTests.release.xcconfig */,
				B7D1F695C7DC0B0EE6B6727D /* Pods-DalagramUITests.debug.xcconfig */,
				A33131E8BD52ED87361C5C30 /* Pods-DalagramUITests.release.xcconfig */,
			);
			name = Pods;
			sourceTree = "<group>";
		};
/* End PBXGroup section */

/* Begin PBXNativeTarget section */
		2B73B7F720AEBA42009D51F8 /* Dalagram */ = {
			isa = PBXNativeTarget;
			buildConfigurationList = 2B73B82020AEBA43009D51F8 /* Build configuration list for PBXNativeTarget "Dalagram" */;
			buildPhases = (
				9B76BF9D506F70157E04EFE3 /* [CP] Check Pods Manifest.lock */,
				2B73B7F420AEBA42009D51F8 /* Sources */,
				2B73B7F520AEBA42009D51F8 /* Frameworks */,
				2B73B7F620AEBA42009D51F8 /* Resources */,
				92A906C12BEAEAA51077D6F0 /* [CP] Embed Pods Frameworks */,
				6D6D40651A9455687B3FBB9A /* [CP] Copy Pods Resources */,
			);
			buildRules = (
			);
			dependencies = (
			);
			name = Dalagram;
			productName = Dalagram;
			productReference = 2B73B7F820AEBA42009D51F8 /* Dalagram.app */;
			productType = "com.apple.product-type.application";
		};
		2B73B80B20AEBA43009D51F8 /* DalagramTests */ = {
			isa = PBXNativeTarget;
			buildConfigurationList = 2B73B82320AEBA43009D51F8 /* Build configuration list for PBXNativeTarget "DalagramTests" */;
			buildPhases = (
				04777B921095417CDA5B8572 /* [CP] Check Pods Manifest.lock */,
				2B73B80820AEBA43009D51F8 /* Sources */,
				2B73B80920AEBA43009D51F8 /* Frameworks */,
				2B73B80A20AEBA43009D51F8 /* Resources */,
				2EA6B2CEA2E48068123D790F /* [CP] Embed Pods Frameworks */,
				69E3165BF9E081E885CDFCC3 /* [CP] Copy Pods Resources */,
			);
			buildRules = (
			);
			dependencies = (
				2B73B80E20AEBA43009D51F8 /* PBXTargetDependency */,
			);
			name = DalagramTests;
			productName = DalagramTests;
			productReference = 2B73B80C20AEBA43009D51F8 /* DalagramTests.xctest */;
			productType = "com.apple.product-type.bundle.unit-test";
		};
		2B73B81620AEBA43009D51F8 /* DalagramUITests */ = {
			isa = PBXNativeTarget;
			buildConfigurationList = 2B73B82620AEBA43009D51F8 /* Build configuration list for PBXNativeTarget "DalagramUITests" */;
			buildPhases = (
				E1149B4E0239557278DFD262 /* [CP] Check Pods Manifest.lock */,
				2B73B81320AEBA43009D51F8 /* Sources */,
				2B73B81420AEBA43009D51F8 /* Frameworks */,
				2B73B81520AEBA43009D51F8 /* Resources */,
				EAC23CC0935B2CF2FF0DC3F5 /* [CP] Embed Pods Frameworks */,
				001D0142D7BF8039BB8130FB /* [CP] Copy Pods Resources */,
			);
			buildRules = (
			);
			dependencies = (
				2B73B81920AEBA43009D51F8 /* PBXTargetDependency */,
			);
			name = DalagramUITests;
			productName = DalagramUITests;
			productReference = 2B73B81720AEBA43009D51F8 /* DalagramUITests.xctest */;
			productType = "com.apple.product-type.bundle.ui-testing";
		};
/* End PBXNativeTarget section */

/* Begin PBXProject section */
		2B73B7F020AEBA42009D51F8 /* Project object */ = {
			isa = PBXProject;
			attributes = {
				LastSwiftUpdateCheck = 0920;
				LastUpgradeCheck = 0920;
				ORGANIZATIONNAME = BuginGroup;
				TargetAttributes = {
					2B73B7F720AEBA42009D51F8 = {
						CreatedOnToolsVersion = 9.2;
						ProvisioningStyle = Automatic;
					};
					2B73B80B20AEBA43009D51F8 = {
						CreatedOnToolsVersion = 9.2;
						ProvisioningStyle = Automatic;
						TestTargetID = 2B73B7F720AEBA42009D51F8;
					};
					2B73B81620AEBA43009D51F8 = {
						CreatedOnToolsVersion = 9.2;
						ProvisioningStyle = Automatic;
						TestTargetID = 2B73B7F720AEBA42009D51F8;
					};
				};
			};
			buildConfigurationList = 2B73B7F320AEBA42009D51F8 /* Build configuration list for PBXProject "Dalagram" */;
			compatibilityVersion = "Xcode 8.0";
			developmentRegion = en;
			hasScannedForEncodings = 0;
			knownRegions = (
				en,
				Base,
			);
			mainGroup = 2B73B7EF20AEBA42009D51F8;
			productRefGroup = 2B73B7F920AEBA42009D51F8 /* Products */;
			projectDirPath = "";
			projectRoot = "";
			targets = (
				2B73B7F720AEBA42009D51F8 /* Dalagram */,
				2B73B80B20AEBA43009D51F8 /* DalagramTests */,
				2B73B81620AEBA43009D51F8 /* DalagramUITests */,
			);
		};
/* End PBXProject section */

/* Begin PBXResourcesBuildPhase section */
		2B73B7F620AEBA42009D51F8 /* Resources */ = {
			isa = PBXResourcesBuildPhase;
			buildActionMask = 2147483647;
			files = (
				2B0589BF20AEE33900B57ACF /* Auth.storyboard in Resources */,
				2BC1593B20B2BB3E00514397 /* ChatCell.xib in Resources */,
				2B73B80620AEBA42009D51F8 /* LaunchScreen.storyboard in Resources */,
				2B73B80320AEBA42009D51F8 /* Assets.xcassets in Resources */,
				2B78218820E0E25000F89214 /* DIN Alternate Bold.otf in Resources */,
				2B78218A20E0E25900F89214 /* DIN Alternate Regular.otf in Resources */,
				2B2F968020B0500E003DE273 /* ContactCell.xib in Resources */,
				2B73B80120AEBA42009D51F8 /* Main.storyboard in Resources */,
			);
			runOnlyForDeploymentPostprocessing = 0;
		};
		2B73B80A20AEBA43009D51F8 /* Resources */ = {
			isa = PBXResourcesBuildPhase;
			buildActionMask = 2147483647;
			files = (
			);
			runOnlyForDeploymentPostprocessing = 0;
		};
		2B73B81520AEBA43009D51F8 /* Resources */ = {
			isa = PBXResourcesBuildPhase;
			buildActionMask = 2147483647;
			files = (
			);
			runOnlyForDeploymentPostprocessing = 0;
		};
/* End PBXResourcesBuildPhase section */

/* Begin PBXShellScriptBuildPhase section */
		001D0142D7BF8039BB8130FB /* [CP] Copy Pods Resources */ = {
			isa = PBXShellScriptBuildPhase;
			buildActionMask = 2147483647;
			files = (
			);
			inputPaths = (
			);
			name = "[CP] Copy Pods Resources";
			outputPaths = (
			);
			runOnlyForDeploymentPostprocessing = 0;
			shellPath = /bin/sh;
			shellScript = "\"${SRCROOT}/Pods/Target Support Files/Pods-DalagramUITests/Pods-DalagramUITests-resources.sh\"\n";
			showEnvVarsInLog = 0;
		};
		04777B921095417CDA5B8572 /* [CP] Check Pods Manifest.lock */ = {
			isa = PBXShellScriptBuildPhase;
			buildActionMask = 2147483647;
			files = (
			);
			inputPaths = (
				"${PODS_PODFILE_DIR_PATH}/Podfile.lock",
				"${PODS_ROOT}/Manifest.lock",
			);
			name = "[CP] Check Pods Manifest.lock";
			outputPaths = (
				"$(DERIVED_FILE_DIR)/Pods-DalagramTests-checkManifestLockResult.txt",
			);
			runOnlyForDeploymentPostprocessing = 0;
			shellPath = /bin/sh;
			shellScript = "diff \"${PODS_PODFILE_DIR_PATH}/Podfile.lock\" \"${PODS_ROOT}/Manifest.lock\" > /dev/null\nif [ $? != 0 ] ; then\n    # print error to STDERR\n    echo \"error: The sandbox is not in sync with the Podfile.lock. Run 'pod install' or update your CocoaPods installation.\" >&2\n    exit 1\nfi\n# This output is used by Xcode 'outputs' to avoid re-running this script phase.\necho \"SUCCESS\" > \"${SCRIPT_OUTPUT_FILE_0}\"\n";
			showEnvVarsInLog = 0;
		};
		2EA6B2CEA2E48068123D790F /* [CP] Embed Pods Frameworks */ = {
			isa = PBXShellScriptBuildPhase;
			buildActionMask = 2147483647;
			files = (
			);
			inputPaths = (
			);
			name = "[CP] Embed Pods Frameworks";
			outputPaths = (
			);
			runOnlyForDeploymentPostprocessing = 0;
			shellPath = /bin/sh;
			shellScript = "\"${SRCROOT}/Pods/Target Support Files/Pods-DalagramTests/Pods-DalagramTests-frameworks.sh\"\n";
			showEnvVarsInLog = 0;
		};
		69E3165BF9E081E885CDFCC3 /* [CP] Copy Pods Resources */ = {
			isa = PBXShellScriptBuildPhase;
			buildActionMask = 2147483647;
			files = (
			);
			inputPaths = (
			);
			name = "[CP] Copy Pods Resources";
			outputPaths = (
			);
			runOnlyForDeploymentPostprocessing = 0;
			shellPath = /bin/sh;
			shellScript = "\"${SRCROOT}/Pods/Target Support Files/Pods-DalagramTests/Pods-DalagramTests-resources.sh\"\n";
			showEnvVarsInLog = 0;
		};
		6D6D40651A9455687B3FBB9A /* [CP] Copy Pods Resources */ = {
			isa = PBXShellScriptBuildPhase;
			buildActionMask = 2147483647;
			files = (
			);
			inputPaths = (
			);
			name = "[CP] Copy Pods Resources";
			outputPaths = (
			);
			runOnlyForDeploymentPostprocessing = 0;
			shellPath = /bin/sh;
			shellScript = "\"${SRCROOT}/Pods/Target Support Files/Pods-Dalagram/Pods-Dalagram-resources.sh\"\n";
			showEnvVarsInLog = 0;
		};
		92A906C12BEAEAA51077D6F0 /* [CP] Embed Pods Frameworks */ = {
			isa = PBXShellScriptBuildPhase;
			buildActionMask = 2147483647;
			files = (
			);
			inputPaths = (
				"${SRCROOT}/Pods/Target Support Files/Pods-Dalagram/Pods-Dalagram-frameworks.sh",
				"${BUILT_PRODUCTS_DIR}/Alamofire/Alamofire.framework",
				"${BUILT_PRODUCTS_DIR}/BouncyLayout/BouncyLayout.framework",
				"${BUILT_PRODUCTS_DIR}/DropDown/DropDown.framework",
				"${BUILT_PRODUCTS_DIR}/IQKeyboardManagerSwift/IQKeyboardManagerSwift.framework",
				"${BUILT_PRODUCTS_DIR}/InputMask/InputMask.framework",
				"${BUILT_PRODUCTS_DIR}/Kingfisher/Kingfisher.framework",
				"${BUILT_PRODUCTS_DIR}/ModelMapper/Mapper.framework",
				"${BUILT_PRODUCTS_DIR}/Moya/Moya.framework",
				"${BUILT_PRODUCTS_DIR}/Moya-ModelMapper/Moya_ModelMapper.framework",
				"${BUILT_PRODUCTS_DIR}/ReachabilitySwift/ReachabilitySwift.framework",
				"${BUILT_PRODUCTS_DIR}/Realm/Realm.framework",
				"${BUILT_PRODUCTS_DIR}/RealmSwift/RealmSwift.framework",
				"${BUILT_PRODUCTS_DIR}/Result/Result.framework",
				"${BUILT_PRODUCTS_DIR}/RxCocoa/RxCocoa.framework",
				"${BUILT_PRODUCTS_DIR}/RxSwift/RxSwift.framework",
				"${BUILT_PRODUCTS_DIR}/SVProgressHUD/SVProgressHUD.framework",
				"${BUILT_PRODUCTS_DIR}/SkyFloatingLabelTextField/SkyFloatingLabelTextField.framework",
				"${BUILT_PRODUCTS_DIR}/SnapKit/SnapKit.framework",
				"${BUILT_PRODUCTS_DIR}/Socket.IO-Client-Swift/SocketIO.framework",
				"${BUILT_PRODUCTS_DIR}/Starscream/Starscream.framework",
				"${BUILT_PRODUCTS_DIR}/SwiftyJSON/SwiftyJSON.framework",
				"${BUILT_PRODUCTS_DIR}/Whisper/Whisper.framework",
			);
			name = "[CP] Embed Pods Frameworks";
			outputPaths = (
				"${TARGET_BUILD_DIR}/${FRAMEWORKS_FOLDER_PATH}/Alamofire.framework",
				"${TARGET_BUILD_DIR}/${FRAMEWORKS_FOLDER_PATH}/BouncyLayout.framework",
				"${TARGET_BUILD_DIR}/${FRAMEWORKS_FOLDER_PATH}/DropDown.framework",
				"${TARGET_BUILD_DIR}/${FRAMEWORKS_FOLDER_PATH}/IQKeyboardManagerSwift.framework",
				"${TARGET_BUILD_DIR}/${FRAMEWORKS_FOLDER_PATH}/InputMask.framework",
				"${TARGET_BUILD_DIR}/${FRAMEWORKS_FOLDER_PATH}/Kingfisher.framework",
				"${TARGET_BUILD_DIR}/${FRAMEWORKS_FOLDER_PATH}/Mapper.framework",
				"${TARGET_BUILD_DIR}/${FRAMEWORKS_FOLDER_PATH}/Moya.framework",
				"${TARGET_BUILD_DIR}/${FRAMEWORKS_FOLDER_PATH}/Moya_ModelMapper.framework",
				"${TARGET_BUILD_DIR}/${FRAMEWORKS_FOLDER_PATH}/ReachabilitySwift.framework",
				"${TARGET_BUILD_DIR}/${FRAMEWORKS_FOLDER_PATH}/Realm.framework",
				"${TARGET_BUILD_DIR}/${FRAMEWORKS_FOLDER_PATH}/RealmSwift.framework",
				"${TARGET_BUILD_DIR}/${FRAMEWORKS_FOLDER_PATH}/Result.framework",
				"${TARGET_BUILD_DIR}/${FRAMEWORKS_FOLDER_PATH}/RxCocoa.framework",
				"${TARGET_BUILD_DIR}/${FRAMEWORKS_FOLDER_PATH}/RxSwift.framework",
				"${TARGET_BUILD_DIR}/${FRAMEWORKS_FOLDER_PATH}/SVProgressHUD.framework",
				"${TARGET_BUILD_DIR}/${FRAMEWORKS_FOLDER_PATH}/SkyFloatingLabelTextField.framework",
				"${TARGET_BUILD_DIR}/${FRAMEWORKS_FOLDER_PATH}/SnapKit.framework",
				"${TARGET_BUILD_DIR}/${FRAMEWORKS_FOLDER_PATH}/SocketIO.framework",
				"${TARGET_BUILD_DIR}/${FRAMEWORKS_FOLDER_PATH}/Starscream.framework",
				"${TARGET_BUILD_DIR}/${FRAMEWORKS_FOLDER_PATH}/SwiftyJSON.framework",
				"${TARGET_BUILD_DIR}/${FRAMEWORKS_FOLDER_PATH}/Whisper.framework",
			);
			runOnlyForDeploymentPostprocessing = 0;
			shellPath = /bin/sh;
			shellScript = "\"${SRCROOT}/Pods/Target Support Files/Pods-Dalagram/Pods-Dalagram-frameworks.sh\"\n";
			showEnvVarsInLog = 0;
		};
		9B76BF9D506F70157E04EFE3 /* [CP] Check Pods Manifest.lock */ = {
			isa = PBXShellScriptBuildPhase;
			buildActionMask = 2147483647;
			files = (
			);
			inputPaths = (
				"${PODS_PODFILE_DIR_PATH}/Podfile.lock",
				"${PODS_ROOT}/Manifest.lock",
			);
			name = "[CP] Check Pods Manifest.lock";
			outputPaths = (
				"$(DERIVED_FILE_DIR)/Pods-Dalagram-checkManifestLockResult.txt",
			);
			runOnlyForDeploymentPostprocessing = 0;
			shellPath = /bin/sh;
			shellScript = "diff \"${PODS_PODFILE_DIR_PATH}/Podfile.lock\" \"${PODS_ROOT}/Manifest.lock\" > /dev/null\nif [ $? != 0 ] ; then\n    # print error to STDERR\n    echo \"error: The sandbox is not in sync with the Podfile.lock. Run 'pod install' or update your CocoaPods installation.\" >&2\n    exit 1\nfi\n# This output is used by Xcode 'outputs' to avoid re-running this script phase.\necho \"SUCCESS\" > \"${SCRIPT_OUTPUT_FILE_0}\"\n";
			showEnvVarsInLog = 0;
		};
		E1149B4E0239557278DFD262 /* [CP] Check Pods Manifest.lock */ = {
			isa = PBXShellScriptBuildPhase;
			buildActionMask = 2147483647;
			files = (
			);
			inputPaths = (
				"${PODS_PODFILE_DIR_PATH}/Podfile.lock",
				"${PODS_ROOT}/Manifest.lock",
			);
			name = "[CP] Check Pods Manifest.lock";
			outputPaths = (
				"$(DERIVED_FILE_DIR)/Pods-DalagramUITests-checkManifestLockResult.txt",
			);
			runOnlyForDeploymentPostprocessing = 0;
			shellPath = /bin/sh;
			shellScript = "diff \"${PODS_PODFILE_DIR_PATH}/Podfile.lock\" \"${PODS_ROOT}/Manifest.lock\" > /dev/null\nif [ $? != 0 ] ; then\n    # print error to STDERR\n    echo \"error: The sandbox is not in sync with the Podfile.lock. Run 'pod install' or update your CocoaPods installation.\" >&2\n    exit 1\nfi\n# This output is used by Xcode 'outputs' to avoid re-running this script phase.\necho \"SUCCESS\" > \"${SCRIPT_OUTPUT_FILE_0}\"\n";
			showEnvVarsInLog = 0;
		};
		EAC23CC0935B2CF2FF0DC3F5 /* [CP] Embed Pods Frameworks */ = {
			isa = PBXShellScriptBuildPhase;
			buildActionMask = 2147483647;
			files = (
			);
			inputPaths = (
			);
			name = "[CP] Embed Pods Frameworks";
			outputPaths = (
			);
			runOnlyForDeploymentPostprocessing = 0;
			shellPath = /bin/sh;
			shellScript = "\"${SRCROOT}/Pods/Target Support Files/Pods-DalagramUITests/Pods-DalagramUITests-frameworks.sh\"\n";
			showEnvVarsInLog = 0;
		};
/* End PBXShellScriptBuildPhase section */

/* Begin PBXSourcesBuildPhase section */
		2B73B7F420AEBA42009D51F8 /* Sources */ = {
			isa = PBXSourcesBuildPhase;
			buildActionMask = 2147483647;
			files = (
				2B2F967F20B0500E003DE273 /* ContactCell.swift in Sources */,
				2B7BFFAC20B7477700FA7507 /* MessageInputBarView.swift in Sources */,
				2BC3F02920C930EF0057FFB3 /* RealmManager.swift in Sources */,
				2B7FF06E20C40BD500013D48 /* GroupContactCell.swift in Sources */,
				2BDE4F7720D42C3A0063D9B6 /* MediaCell.swift in Sources */,
				2BE6B86420B2AB4D00E45260 /* ReusableCellProtocol.swift in Sources */,
				2BF4C1BC20C92B7100085FE5 /* User.swift in Sources */,
				2B0F122920B033D200F5EF7F /* ContactsController.swift in Sources */,
				2BB8389020E679BC00AD9B06 /* CreateChannelController.swift in Sources */,
				2BD252E320D8609500B5690E /* DialogHistory.swift in Sources */,
				2B1D084420D14D7800B41AED /* PhoneContact.swift in Sources */,
				2B0589C120AEE4B100B57ACF /* SingInController.swift in Sources */,
				2B7FF06020C0527000013D48 /* BubbleImageCell.swift in Sources */,
				2BB8389220E679D000AD9B06 /* EditGroupController.swift in Sources */,
				2B7FF06220C097D200013D48 /* ChatViewModel.swift in Sources */,
				2BD252E120D8608500B5690E /* DialogItem.swift in Sources */,
				2B0589C320AEEBF800B57ACF /* ConfirmController.swift in Sources */,
				2BF7D89B20D240F6009E3314 /* NotificationsController.swift in Sources */,
				2BC3F02C20C93ECD0057FFB3 /* CredentialsController.swift in Sources */,
				2B2F967A20B04665003DE273 /* UIColor+Extention.swift in Sources */,
				2B20878F20D3DC1C00EE4599 /* UIView+Extension.swift in Sources */,
				2BDE4F7520D40ABF0063D9B6 /* DialogInfo.swift in Sources */,
				2B1BA5BF20C8F676009FC7E3 /* APITarget.swift in Sources */,
				2B983C4420EB9E7A00116C45 /* ChatCollectioViewLayout.swift in Sources */,
				2B4574FC20ECDF46008391B3 /* DialogDetail.swift in Sources */,
				2BC1594220B2D13E00514397 /* UiStoryboardProtocol.swift in Sources */,
				2B1EEE4420B15B3C00CDE800 /* InviteFriendsView.swift in Sources */,
				2B7FF06B20C276FF00013D48 /* UsersCollectionView.swift in Sources */,
				2B0589C520AEEC5D00B57ACF /* Template.swift in Sources */,
				2BF7D89D20D24333009E3314 /* NotificationSoundsController.swift in Sources */,
				2B1D083C20CD357100B41AED /* UserProfileController.swift in Sources */,
				2B1D083A20CD053500B41AED /* SocketManager.swift in Sources */,
				2B0F122720B030A700F5EF7F /* TabBarController.swift in Sources */,
				2B1BA5C720C907CB009FC7E3 /* WhisperHelper.swift in Sources */,
				2B1BA5C120C8FB60009FC7E3 /* APIProvider.swift in Sources */,
				2B4574FA20ECBEF9008391B3 /* ChatContactsController.swift in Sources */,
				2B1D084020CE7ED200B41AED /* NewsController.swift in Sources */,
				2B9AB1F020B019C4004CB2A7 /* ViewController+Extension.swift in Sources */,
				2B20878920D3C7CD00EE4599 /* DialogsViewModel.swift in Sources */,
				2B1D084220CEE72B00B41AED /* AppManager.swift in Sources */,
				2B1D083620CAC31100B41AED /* Contact.swift in Sources */,
				2B1D083820CBB09100B41AED /* InviteController.swift in Sources */,
				2BE85F1220B43683000FF3BE /* BaseCollectionCell.swift in Sources */,
				2B7FF06820C1629300013D48 /* ContactsViewModel.swift in Sources */,
				2B7FF06620C14EB000013D48 /* NewGroupController.swift in Sources */,
				2BC1593D20B2CA0000514397 /* SettingsController.swift in Sources */,
				2BE85F0E20B433E0000FF3BE /* ChatController.swift in Sources */,
				2B20878B20D3C88400EE4599 /* Dialog.swift in Sources */,
				2BE85F1020B43594000FF3BE /* BubbleTextCell.swift in Sources */,
				2BA9CFFD20C9679900C99FB1 /* EditProfileController.swift in Sources */,
				2BC1593A20B2BB3E00514397 /* ChatCell.swift in Sources */,
				2B676F2520C7147900A168DE /* AuthViewModel.swift in Sources */,
				2B4574F820ECBA73008391B3 /* MediaColletionController.swift in Sources */,
				2BB8388E20E676A300AD9B06 /* CreateGroupController.swift in Sources */,
				2B73B7FC20AEBA42009D51F8 /* AppDelegate.swift in Sources */,
				2B7BFFAA20B7336600FA7507 /* UserNavigationTitleView.swift in Sources */,
				2BDD4C0620E8F22B00505940 /* BubleActionCell.swift in Sources */,
				2B0F122B20B0443600F5EF7F /* DialogsController.swift in Sources */,
				2BA9CFFB20C94F0000C99FB1 /* ProfileViewModel.swift in Sources */,
			);
			runOnlyForDeploymentPostprocessing = 0;
		};
		2B73B80820AEBA43009D51F8 /* Sources */ = {
			isa = PBXSourcesBuildPhase;
			buildActionMask = 2147483647;
			files = (
				2B73B81120AEBA43009D51F8 /* DalagramTests.swift in Sources */,
			);
			runOnlyForDeploymentPostprocessing = 0;
		};
		2B73B81320AEBA43009D51F8 /* Sources */ = {
			isa = PBXSourcesBuildPhase;
			buildActionMask = 2147483647;
			files = (
				2B73B81C20AEBA43009D51F8 /* DalagramUITests.swift in Sources */,
			);
			runOnlyForDeploymentPostprocessing = 0;
		};
/* End PBXSourcesBuildPhase section */

/* Begin PBXTargetDependency section */
		2B73B80E20AEBA43009D51F8 /* PBXTargetDependency */ = {
			isa = PBXTargetDependency;
			target = 2B73B7F720AEBA42009D51F8 /* Dalagram */;
			targetProxy = 2B73B80D20AEBA43009D51F8 /* PBXContainerItemProxy */;
		};
		2B73B81920AEBA43009D51F8 /* PBXTargetDependency */ = {
			isa = PBXTargetDependency;
			target = 2B73B7F720AEBA42009D51F8 /* Dalagram */;
			targetProxy = 2B73B81820AEBA43009D51F8 /* PBXContainerItemProxy */;
		};
/* End PBXTargetDependency section */

/* Begin PBXVariantGroup section */
		2B73B7FF20AEBA42009D51F8 /* Main.storyboard */ = {
			isa = PBXVariantGroup;
			children = (
				2B73B80020AEBA42009D51F8 /* Base */,
			);
			name = Main.storyboard;
			sourceTree = "<group>";
		};
		2B73B80420AEBA42009D51F8 /* LaunchScreen.storyboard */ = {
			isa = PBXVariantGroup;
			children = (
				2B73B80520AEBA42009D51F8 /* Base */,
			);
			name = LaunchScreen.storyboard;
			sourceTree = "<group>";
		};
/* End PBXVariantGroup section */

/* Begin XCBuildConfiguration section */
		2B73B81E20AEBA43009D51F8 /* Debug */ = {
			isa = XCBuildConfiguration;
			buildSettings = {
				ALWAYS_SEARCH_USER_PATHS = NO;
				CLANG_ANALYZER_NONNULL = YES;
				CLANG_ANALYZER_NUMBER_OBJECT_CONVERSION = YES_AGGRESSIVE;
				CLANG_CXX_LANGUAGE_STANDARD = "gnu++14";
				CLANG_CXX_LIBRARY = "libc++";
				CLANG_ENABLE_MODULES = YES;
				CLANG_ENABLE_OBJC_ARC = YES;
				CLANG_WARN_BLOCK_CAPTURE_AUTORELEASING = YES;
				CLANG_WARN_BOOL_CONVERSION = YES;
				CLANG_WARN_COMMA = YES;
				CLANG_WARN_CONSTANT_CONVERSION = YES;
				CLANG_WARN_DIRECT_OBJC_ISA_USAGE = YES_ERROR;
				CLANG_WARN_DOCUMENTATION_COMMENTS = YES;
				CLANG_WARN_EMPTY_BODY = YES;
				CLANG_WARN_ENUM_CONVERSION = YES;
				CLANG_WARN_INFINITE_RECURSION = YES;
				CLANG_WARN_INT_CONVERSION = YES;
				CLANG_WARN_NON_LITERAL_NULL_CONVERSION = YES;
				CLANG_WARN_OBJC_LITERAL_CONVERSION = YES;
				CLANG_WARN_OBJC_ROOT_CLASS = YES_ERROR;
				CLANG_WARN_RANGE_LOOP_ANALYSIS = YES;
				CLANG_WARN_STRICT_PROTOTYPES = YES;
				CLANG_WARN_SUSPICIOUS_MOVE = YES;
				CLANG_WARN_UNGUARDED_AVAILABILITY = YES_AGGRESSIVE;
				CLANG_WARN_UNREACHABLE_CODE = YES;
				CLANG_WARN__DUPLICATE_METHOD_MATCH = YES;
				CODE_SIGN_IDENTITY = "iPhone Developer";
				COPY_PHASE_STRIP = NO;
				DEBUG_INFORMATION_FORMAT = dwarf;
				ENABLE_STRICT_OBJC_MSGSEND = YES;
				ENABLE_TESTABILITY = YES;
				GCC_C_LANGUAGE_STANDARD = gnu11;
				GCC_DYNAMIC_NO_PIC = NO;
				GCC_NO_COMMON_BLOCKS = YES;
				GCC_OPTIMIZATION_LEVEL = 0;
				GCC_PREPROCESSOR_DEFINITIONS = (
					"DEBUG=1",
					"$(inherited)",
				);
				GCC_WARN_64_TO_32_BIT_CONVERSION = YES;
				GCC_WARN_ABOUT_RETURN_TYPE = YES_ERROR;
				GCC_WARN_UNDECLARED_SELECTOR = YES;
				GCC_WARN_UNINITIALIZED_AUTOS = YES_AGGRESSIVE;
				GCC_WARN_UNUSED_FUNCTION = YES;
				GCC_WARN_UNUSED_VARIABLE = YES;
				IPHONEOS_DEPLOYMENT_TARGET = 11.2;
				MTL_ENABLE_DEBUG_INFO = YES;
				ONLY_ACTIVE_ARCH = YES;
				SDKROOT = iphoneos;
				SWIFT_ACTIVE_COMPILATION_CONDITIONS = DEBUG;
				SWIFT_OPTIMIZATION_LEVEL = "-Onone";
			};
			name = Debug;
		};
		2B73B81F20AEBA43009D51F8 /* Release */ = {
			isa = XCBuildConfiguration;
			buildSettings = {
				ALWAYS_SEARCH_USER_PATHS = NO;
				CLANG_ANALYZER_NONNULL = YES;
				CLANG_ANALYZER_NUMBER_OBJECT_CONVERSION = YES_AGGRESSIVE;
				CLANG_CXX_LANGUAGE_STANDARD = "gnu++14";
				CLANG_CXX_LIBRARY = "libc++";
				CLANG_ENABLE_MODULES = YES;
				CLANG_ENABLE_OBJC_ARC = YES;
				CLANG_WARN_BLOCK_CAPTURE_AUTORELEASING = YES;
				CLANG_WARN_BOOL_CONVERSION = YES;
				CLANG_WARN_COMMA = YES;
				CLANG_WARN_CONSTANT_CONVERSION = YES;
				CLANG_WARN_DIRECT_OBJC_ISA_USAGE = YES_ERROR;
				CLANG_WARN_DOCUMENTATION_COMMENTS = YES;
				CLANG_WARN_EMPTY_BODY = YES;
				CLANG_WARN_ENUM_CONVERSION = YES;
				CLANG_WARN_INFINITE_RECURSION = YES;
				CLANG_WARN_INT_CONVERSION = YES;
				CLANG_WARN_NON_LITERAL_NULL_CONVERSION = YES;
				CLANG_WARN_OBJC_LITERAL_CONVERSION = YES;
				CLANG_WARN_OBJC_ROOT_CLASS = YES_ERROR;
				CLANG_WARN_RANGE_LOOP_ANALYSIS = YES;
				CLANG_WARN_STRICT_PROTOTYPES = YES;
				CLANG_WARN_SUSPICIOUS_MOVE = YES;
				CLANG_WARN_UNGUARDED_AVAILABILITY = YES_AGGRESSIVE;
				CLANG_WARN_UNREACHABLE_CODE = YES;
				CLANG_WARN__DUPLICATE_METHOD_MATCH = YES;
				CODE_SIGN_IDENTITY = "iPhone Developer";
				COPY_PHASE_STRIP = NO;
				DEBUG_INFORMATION_FORMAT = "dwarf-with-dsym";
				ENABLE_NS_ASSERTIONS = NO;
				ENABLE_STRICT_OBJC_MSGSEND = YES;
				GCC_C_LANGUAGE_STANDARD = gnu11;
				GCC_NO_COMMON_BLOCKS = YES;
				GCC_WARN_64_TO_32_BIT_CONVERSION = YES;
				GCC_WARN_ABOUT_RETURN_TYPE = YES_ERROR;
				GCC_WARN_UNDECLARED_SELECTOR = YES;
				GCC_WARN_UNINITIALIZED_AUTOS = YES_AGGRESSIVE;
				GCC_WARN_UNUSED_FUNCTION = YES;
				GCC_WARN_UNUSED_VARIABLE = YES;
				IPHONEOS_DEPLOYMENT_TARGET = 11.2;
				MTL_ENABLE_DEBUG_INFO = NO;
				SDKROOT = iphoneos;
				SWIFT_OPTIMIZATION_LEVEL = "-Owholemodule";
				VALIDATE_PRODUCT = YES;
			};
			name = Release;
		};
		2B73B82120AEBA43009D51F8 /* Debug */ = {
			isa = XCBuildConfiguration;
			baseConfigurationReference = 959EF5792CBBAE40F6683BEA /* Pods-Dalagram.debug.xcconfig */;
			buildSettings = {
				ASSETCATALOG_COMPILER_APPICON_NAME = AppIcon;
				CODE_SIGN_STYLE = Automatic;
				DEVELOPMENT_TEAM = 6W6XXZ7M8W;
				INFOPLIST_FILE = Dalagram/Info.plist;
				IPHONEOS_DEPLOYMENT_TARGET = 10.0;
				LD_RUNPATH_SEARCH_PATHS = "$(inherited) @executable_path/Frameworks";
				PRODUCT_BUNDLE_IDENTIFIER = com.Dalagram;
				PRODUCT_NAME = "$(TARGET_NAME)";
				SWIFT_VERSION = 4.0;
				TARGETED_DEVICE_FAMILY = 1;
			};
			name = Debug;
		};
		2B73B82220AEBA43009D51F8 /* Release */ = {
			isa = XCBuildConfiguration;
			baseConfigurationReference = 231E1016462EA81B0F7EF758 /* Pods-Dalagram.release.xcconfig */;
			buildSettings = {
				ASSETCATALOG_COMPILER_APPICON_NAME = AppIcon;
				CODE_SIGN_STYLE = Automatic;
				DEVELOPMENT_TEAM = 6W6XXZ7M8W;
				INFOPLIST_FILE = Dalagram/Info.plist;
				IPHONEOS_DEPLOYMENT_TARGET = 10.0;
				LD_RUNPATH_SEARCH_PATHS = "$(inherited) @executable_path/Frameworks";
				PRODUCT_BUNDLE_IDENTIFIER = com.Dalagram;
				PRODUCT_NAME = "$(TARGET_NAME)";
				SWIFT_VERSION = 4.0;
				TARGETED_DEVICE_FAMILY = 1;
			};
			name = Release;
		};
		2B73B82420AEBA43009D51F8 /* Debug */ = {
			isa = XCBuildConfiguration;
			baseConfigurationReference = 8EFA16CD04120900729091FF /* Pods-DalagramTests.debug.xcconfig */;
			buildSettings = {
				ALWAYS_EMBED_SWIFT_STANDARD_LIBRARIES = YES;
				BUNDLE_LOADER = "$(TEST_HOST)";
				CODE_SIGN_STYLE = Automatic;
				DEVELOPMENT_TEAM = 6W6XXZ7M8W;
				INFOPLIST_FILE = DalagramTests/Info.plist;
				LD_RUNPATH_SEARCH_PATHS = "$(inherited) @executable_path/Frameworks @loader_path/Frameworks";
				PRODUCT_BUNDLE_IDENTIFIER = com.DalagramTests;
				PRODUCT_NAME = "$(TARGET_NAME)";
				SWIFT_VERSION = 4.0;
				TARGETED_DEVICE_FAMILY = "1,2";
				TEST_HOST = "$(BUILT_PRODUCTS_DIR)/Dalagram.app/Dalagram";
			};
			name = Debug;
		};
		2B73B82520AEBA43009D51F8 /* Release */ = {
			isa = XCBuildConfiguration;
			baseConfigurationReference = 4A8CD69A4A1D204C2FEF5B66 /* Pods-DalagramTests.release.xcconfig */;
			buildSettings = {
				ALWAYS_EMBED_SWIFT_STANDARD_LIBRARIES = YES;
				BUNDLE_LOADER = "$(TEST_HOST)";
				CODE_SIGN_STYLE = Automatic;
				DEVELOPMENT_TEAM = 6W6XXZ7M8W;
				INFOPLIST_FILE = DalagramTests/Info.plist;
				LD_RUNPATH_SEARCH_PATHS = "$(inherited) @executable_path/Frameworks @loader_path/Frameworks";
				PRODUCT_BUNDLE_IDENTIFIER = com.DalagramTests;
				PRODUCT_NAME = "$(TARGET_NAME)";
				SWIFT_VERSION = 4.0;
				TARGETED_DEVICE_FAMILY = "1,2";
				TEST_HOST = "$(BUILT_PRODUCTS_DIR)/Dalagram.app/Dalagram";
			};
			name = Release;
		};
		2B73B82720AEBA43009D51F8 /* Debug */ = {
			isa = XCBuildConfiguration;
			baseConfigurationReference = B7D1F695C7DC0B0EE6B6727D /* Pods-DalagramUITests.debug.xcconfig */;
			buildSettings = {
				ALWAYS_EMBED_SWIFT_STANDARD_LIBRARIES = YES;
				CODE_SIGN_STYLE = Automatic;
				DEVELOPMENT_TEAM = 6W6XXZ7M8W;
				INFOPLIST_FILE = DalagramUITests/Info.plist;
				LD_RUNPATH_SEARCH_PATHS = "$(inherited) @executable_path/Frameworks @loader_path/Frameworks";
				PRODUCT_BUNDLE_IDENTIFIER = com.DalagramUITests;
				PRODUCT_NAME = "$(TARGET_NAME)";
				SWIFT_VERSION = 4.0;
				TARGETED_DEVICE_FAMILY = "1,2";
				TEST_TARGET_NAME = Dalagram;
			};
			name = Debug;
		};
		2B73B82820AEBA43009D51F8 /* Release */ = {
			isa = XCBuildConfiguration;
			baseConfigurationReference = A33131E8BD52ED87361C5C30 /* Pods-DalagramUITests.release.xcconfig */;
			buildSettings = {
				ALWAYS_EMBED_SWIFT_STANDARD_LIBRARIES = YES;
				CODE_SIGN_STYLE = Automatic;
				DEVELOPMENT_TEAM = 6W6XXZ7M8W;
				INFOPLIST_FILE = DalagramUITests/Info.plist;
				LD_RUNPATH_SEARCH_PATHS = "$(inherited) @executable_path/Frameworks @loader_path/Frameworks";
				PRODUCT_BUNDLE_IDENTIFIER = com.DalagramUITests;
				PRODUCT_NAME = "$(TARGET_NAME)";
				SWIFT_VERSION = 4.0;
				TARGETED_DEVICE_FAMILY = "1,2";
				TEST_TARGET_NAME = Dalagram;
			};
			name = Release;
		};
/* End XCBuildConfiguration section */

/* Begin XCConfigurationList section */
		2B73B7F320AEBA42009D51F8 /* Build configuration list for PBXProject "Dalagram" */ = {
			isa = XCConfigurationList;
			buildConfigurations = (
				2B73B81E20AEBA43009D51F8 /* Debug */,
				2B73B81F20AEBA43009D51F8 /* Release */,
			);
			defaultConfigurationIsVisible = 0;
			defaultConfigurationName = Release;
		};
		2B73B82020AEBA43009D51F8 /* Build configuration list for PBXNativeTarget "Dalagram" */ = {
			isa = XCConfigurationList;
			buildConfigurations = (
				2B73B82120AEBA43009D51F8 /* Debug */,
				2B73B82220AEBA43009D51F8 /* Release */,
			);
			defaultConfigurationIsVisible = 0;
			defaultConfigurationName = Release;
		};
		2B73B82320AEBA43009D51F8 /* Build configuration list for PBXNativeTarget "DalagramTests" */ = {
			isa = XCConfigurationList;
			buildConfigurations = (
				2B73B82420AEBA43009D51F8 /* Debug */,
				2B73B82520AEBA43009D51F8 /* Release */,
			);
			defaultConfigurationIsVisible = 0;
			defaultConfigurationName = Release;
		};
		2B73B82620AEBA43009D51F8 /* Build configuration list for PBXNativeTarget "DalagramUITests" */ = {
			isa = XCConfigurationList;
			buildConfigurations = (
				2B73B82720AEBA43009D51F8 /* Debug */,
				2B73B82820AEBA43009D51F8 /* Release */,
			);
			defaultConfigurationIsVisible = 0;
			defaultConfigurationName = Release;
		};
/* End XCConfigurationList section */
	};
	rootObject = 2B73B7F020AEBA42009D51F8 /* Project object */;
}
